// !$*UTF8*$!
{
	archiveVersion = 1;
	classes = {
	};
	objectVersion = 52;
	objects = {

/* Begin PBXBuildFile section */
		8187681F23DFA7B300476EE9 /* Sprites in Resources */ = {isa = PBXBuildFile; fileRef = 8187681E23DFA7B300476EE9 /* Sprites */; };
		81B23C5E23C8D76200F08EF7 /* AppDelegate.swift in Sources */ = {isa = PBXBuildFile; fileRef = 81B23C5D23C8D76200F08EF7 /* AppDelegate.swift */; };
		81B23C6023C8D76200F08EF7 /* SceneDelegate.swift in Sources */ = {isa = PBXBuildFile; fileRef = 81B23C5F23C8D76200F08EF7 /* SceneDelegate.swift */; };
		81B23C6223C8D76200F08EF7 /* ViewController.swift in Sources */ = {isa = PBXBuildFile; fileRef = 81B23C6123C8D76200F08EF7 /* ViewController.swift */; };
		81B23C6523C8D76200F08EF7 /* Main.storyboard in Resources */ = {isa = PBXBuildFile; fileRef = 81B23C6323C8D76200F08EF7 /* Main.storyboard */; };
		81B23C6723C8D76600F08EF7 /* Assets.xcassets in Resources */ = {isa = PBXBuildFile; fileRef = 81B23C6623C8D76600F08EF7 /* Assets.xcassets */; };
		81B23C6A23C8D76600F08EF7 /* LaunchScreen.storyboard in Resources */ = {isa = PBXBuildFile; fileRef = 81B23C6823C8D76600F08EF7 /* LaunchScreen.storyboard */; };
		81DBCC2B2412BF2700209095 /* JAGER in Frameworks */ = {isa = PBXBuildFile; productRef = 81DBCC2A2412BF2700209095 /* JAGER */; };
		81DBCC2C2412BF2700209095 /* JAGER in Embed Frameworks */ = {isa = PBXBuildFile; productRef = 81DBCC2A2412BF2700209095 /* JAGER */; settings = {ATTRIBUTES = (CodeSignOnCopy, ); }; };
		81F6922C2412CFAF004347CC /* BasicShader.metal in Sources */ = {isa = PBXBuildFile; fileRef = 81F692292412CFAF004347CC /* BasicShader.metal */; };
		81F6922D2412CFAF004347CC /* SpriteShader.metal in Sources */ = {isa = PBXBuildFile; fileRef = 81F6922B2412CFAF004347CC /* SpriteShader.metal */; };
		81F6922F2412D11B004347CC /* Don't forget to load the shaders.txt in Resources */ = {isa = PBXBuildFile; fileRef = 81F6922E2412D11B004347CC /* Don't forget to load the shaders.txt */; };
		81FF7FA723D4056C00C88ECE /* Player.swift in Sources */ = {isa = PBXBuildFile; fileRef = 81FF7FA623D4056C00C88ECE /* Player.swift */; };
/* End PBXBuildFile section */

/* Begin PBXCopyFilesBuildPhase section */
		81DBCC2D2412BF2700209095 /* Embed Frameworks */ = {
			isa = PBXCopyFilesBuildPhase;
			buildActionMask = 2147483647;
			dstPath = "";
			dstSubfolderSpec = 10;
			files = (
				81DBCC2C2412BF2700209095 /* JAGER in Embed Frameworks */,
			);
			name = "Embed Frameworks";
			runOnlyForDeploymentPostprocessing = 0;
		};
/* End PBXCopyFilesBuildPhase section */

/* Begin PBXFileReference section */
		811C061223C8E9FB00A606B8 /* JAGER.framework */ = {isa = PBXFileReference; explicitFileType = wrapper.framework; path = JAGER.framework; sourceTree = BUILT_PRODUCTS_DIR; };
		8187681E23DFA7B300476EE9 /* Sprites */ = {isa = PBXFileReference; lastKnownFileType = folder; path = Sprites; sourceTree = "<group>"; };
		81B23C5A23C8D76200F08EF7 /* Game.app */ = {isa = PBXFileReference; explicitFileType = wrapper.application; includeInIndex = 0; path = Game.app; sourceTree = BUILT_PRODUCTS_DIR; };
		81B23C5D23C8D76200F08EF7 /* AppDelegate.swift */ = {isa = PBXFileReference; lastKnownFileType = sourcecode.swift; path = AppDelegate.swift; sourceTree = "<group>"; };
		81B23C5F23C8D76200F08EF7 /* SceneDelegate.swift */ = {isa = PBXFileReference; lastKnownFileType = sourcecode.swift; path = SceneDelegate.swift; sourceTree = "<group>"; };
		81B23C6123C8D76200F08EF7 /* ViewController.swift */ = {isa = PBXFileReference; lastKnownFileType = sourcecode.swift; path = ViewController.swift; sourceTree = "<group>"; };
		81B23C6423C8D76200F08EF7 /* Base */ = {isa = PBXFileReference; lastKnownFileType = file.storyboard; name = Base; path = Base.lproj/Main.storyboard; sourceTree = "<group>"; };
		81B23C6623C8D76600F08EF7 /* Assets.xcassets */ = {isa = PBXFileReference; lastKnownFileType = folder.assetcatalog; path = Assets.xcassets; sourceTree = "<group>"; };
		81B23C6923C8D76600F08EF7 /* Base */ = {isa = PBXFileReference; lastKnownFileType = file.storyboard; name = Base; path = Base.lproj/LaunchScreen.storyboard; sourceTree = "<group>"; };
		81B23C6B23C8D76600F08EF7 /* Info.plist */ = {isa = PBXFileReference; lastKnownFileType = text.plist.xml; path = Info.plist; sourceTree = "<group>"; };
		81F692292412CFAF004347CC /* BasicShader.metal */ = {isa = PBXFileReference; fileEncoding = 4; lastKnownFileType = sourcecode.metal; path = BasicShader.metal; sourceTree = "<group>"; };
		81F6922A2412CFAF004347CC /* ShaderDefinitions.h */ = {isa = PBXFileReference; fileEncoding = 4; lastKnownFileType = sourcecode.c.h; path = ShaderDefinitions.h; sourceTree = "<group>"; };
		81F6922B2412CFAF004347CC /* SpriteShader.metal */ = {isa = PBXFileReference; fileEncoding = 4; lastKnownFileType = sourcecode.metal; path = SpriteShader.metal; sourceTree = "<group>"; };
		81F6922E2412D11B004347CC /* Don't forget to load the shaders.txt */ = {isa = PBXFileReference; lastKnownFileType = text; path = "Don't forget to load the shaders.txt"; sourceTree = "<group>"; };
		81FF7FA623D4056C00C88ECE /* Player.swift */ = {isa = PBXFileReference; lastKnownFileType = sourcecode.swift; path = Player.swift; sourceTree = "<group>"; };
/* End PBXFileReference section */

/* Begin PBXFrameworksBuildPhase section */
		81B23C5723C8D76200F08EF7 /* Frameworks */ = {
			isa = PBXFrameworksBuildPhase;
			buildActionMask = 2147483647;
			files = (
				81DBCC2B2412BF2700209095 /* JAGER in Frameworks */,
			);
			runOnlyForDeploymentPostprocessing = 0;
		};
/* End PBXFrameworksBuildPhase section */

/* Begin PBXGroup section */
		811C05FB23C8E14800A606B8 /* Frameworks */ = {
			isa = PBXGroup;
			children = (
				811C061223C8E9FB00A606B8 /* JAGER.framework */,
			);
			name = Frameworks;
			sourceTree = "<group>";
		};
		818755142412CEB8008B4A85 /* Render */ = {
			isa = PBXGroup;
			children = (
				81F692282412CF99004347CC /* Shaders */,
			);
			path = Render;
			sourceTree = "<group>";
		};
		81B23C5123C8D76200F08EF7 = {
			isa = PBXGroup;
			children = (
				81B23C5C23C8D76200F08EF7 /* Game */,
				81B23C5B23C8D76200F08EF7 /* Products */,
				811C05FB23C8E14800A606B8 /* Frameworks */,
			);
			sourceTree = "<group>";
		};
		81B23C5B23C8D76200F08EF7 /* Products */ = {
			isa = PBXGroup;
			children = (
				81B23C5A23C8D76200F08EF7 /* Game.app */,
			);
			name = Products;
			sourceTree = "<group>";
		};
		81B23C5C23C8D76200F08EF7 /* Game */ = {
			isa = PBXGroup;
			children = (
				8187681E23DFA7B300476EE9 /* Sprites */,
				81BA65B823D4B6C900B24ADA /* Subsystems */,
				81FF7FA823D40EE400C88ECE /* Entities */,
				81B23C5D23C8D76200F08EF7 /* AppDelegate.swift */,
				81B23C5F23C8D76200F08EF7 /* SceneDelegate.swift */,
				81B23C6123C8D76200F08EF7 /* ViewController.swift */,
				81B23C6323C8D76200F08EF7 /* Main.storyboard */,
				81B23C6623C8D76600F08EF7 /* Assets.xcassets */,
				81B23C6823C8D76600F08EF7 /* LaunchScreen.storyboard */,
				81B23C6B23C8D76600F08EF7 /* Info.plist */,
			);
			path = Game;
			sourceTree = "<group>";
		};
		81BA65B823D4B6C900B24ADA /* Subsystems */ = {
			isa = PBXGroup;
			children = (
				818755142412CEB8008B4A85 /* Render */,
			);
			path = Subsystems;
			sourceTree = "<group>";
		};
		81F692282412CF99004347CC /* Shaders */ = {
			isa = PBXGroup;
			children = (
				81F6922E2412D11B004347CC /* Don't forget to load the shaders.txt */,
				81F692292412CFAF004347CC /* BasicShader.metal */,
				81F6922A2412CFAF004347CC /* ShaderDefinitions.h */,
				81F6922B2412CFAF004347CC /* SpriteShader.metal */,
			);
			path = Shaders;
			sourceTree = "<group>";
		};
		81FF7FA823D40EE400C88ECE /* Entities */ = {
			isa = PBXGroup;
			children = (
				81FF7FA623D4056C00C88ECE /* Player.swift */,
			);
			path = Entities;
			sourceTree = "<group>";
		};
/* End PBXGroup section */

/* Begin PBXNativeTarget section */
		81B23C5923C8D76200F08EF7 /* Game */ = {
			isa = PBXNativeTarget;
			buildConfigurationList = 81B23C6E23C8D76600F08EF7 /* Build configuration list for PBXNativeTarget "Game" */;
			buildPhases = (
				81B23C5623C8D76200F08EF7 /* Sources */,
				81B23C5723C8D76200F08EF7 /* Frameworks */,
				81B23C5823C8D76200F08EF7 /* Resources */,
				81DBCC2D2412BF2700209095 /* Embed Frameworks */,
			);
			buildRules = (
			);
			dependencies = (
			);
			name = Game;
			packageProductDependencies = (
				81DBCC2A2412BF2700209095 /* JAGER */,
			);
			productName = Game;
			productReference = 81B23C5A23C8D76200F08EF7 /* Game.app */;
			productType = "com.apple.product-type.application";
		};
/* End PBXNativeTarget section */

/* Begin PBXProject section */
		81B23C5223C8D76200F08EF7 /* Project object */ = {
			isa = PBXProject;
			attributes = {
				LastSwiftUpdateCheck = 1130;
				LastUpgradeCheck = 1130;
				ORGANIZATIONNAME = "Vini Games";
				TargetAttributes = {
					81B23C5923C8D76200F08EF7 = {
						CreatedOnToolsVersion = 11.3;
					};
				};
			};
			buildConfigurationList = 81B23C5523C8D76200F08EF7 /* Build configuration list for PBXProject "Game" */;
			compatibilityVersion = "Xcode 9.3";
			developmentRegion = en;
			hasScannedForEncodings = 0;
			knownRegions = (
				en,
				Base,
			);
			mainGroup = 81B23C5123C8D76200F08EF7;
			productRefGroup = 81B23C5B23C8D76200F08EF7 /* Products */;
			projectDirPath = "";
			projectRoot = "";
			targets = (
				81B23C5923C8D76200F08EF7 /* Game */,
			);
		};
/* End PBXProject section */

/* Begin PBXResourcesBuildPhase section */
		81B23C5823C8D76200F08EF7 /* Resources */ = {
			isa = PBXResourcesBuildPhase;
			buildActionMask = 2147483647;
			files = (
				81B23C6A23C8D76600F08EF7 /* LaunchScreen.storyboard in Resources */,
				8187681F23DFA7B300476EE9 /* Sprites in Resources */,
				81F6922F2412D11B004347CC /* Don't forget to load the shaders.txt in Resources */,
				81B23C6723C8D76600F08EF7 /* Assets.xcassets in Resources */,
				81B23C6523C8D76200F08EF7 /* Main.storyboard in Resources */,
			);
			runOnlyForDeploymentPostprocessing = 0;
		};
/* End PBXResourcesBuildPhase section */

/* Begin PBXSourcesBuildPhase section */
		81B23C5623C8D76200F08EF7 /* Sources */ = {
			isa = PBXSourcesBuildPhase;
			buildActionMask = 2147483647;
			files = (
				81F6922D2412CFAF004347CC /* SpriteShader.metal in Sources */,
				81B23C6223C8D76200F08EF7 /* ViewController.swift in Sources */,
				81F6922C2412CFAF004347CC /* BasicShader.metal in Sources */,
				81B23C5E23C8D76200F08EF7 /* AppDelegate.swift in Sources */,
				81FF7FA723D4056C00C88ECE /* Player.swift in Sources */,
				81B23C6023C8D76200F08EF7 /* SceneDelegate.swift in Sources */,
			);
			runOnlyForDeploymentPostprocessing = 0;
		};
/* End PBXSourcesBuildPhase section */

/* Begin PBXVariantGroup section */
		81B23C6323C8D76200F08EF7 /* Main.storyboard */ = {
			isa = PBXVariantGroup;
			children = (
				81B23C6423C8D76200F08EF7 /* Base */,
			);
			name = Main.storyboard;
			sourceTree = "<group>";
		};
		81B23C6823C8D76600F08EF7 /* LaunchScreen.storyboard */ = {
			isa = PBXVariantGroup;
			children = (
				81B23C6923C8D76600F08EF7 /* Base */,
			);
			name = LaunchScreen.storyboard;
			sourceTree = "<group>";
		};
/* End PBXVariantGroup section */

/* Begin XCBuildConfiguration section */
		81B23C6C23C8D76600F08EF7 /* Debug */ = {
			isa = XCBuildConfiguration;
			buildSettings = {
				ALWAYS_SEARCH_USER_PATHS = NO;
				CLANG_ANALYZER_NONNULL = YES;
				CLANG_ANALYZER_NUMBER_OBJECT_CONVERSION = YES_AGGRESSIVE;
				CLANG_CXX_LANGUAGE_STANDARD = "gnu++14";
				CLANG_CXX_LIBRARY = "libc++";
				CLANG_ENABLE_MODULES = YES;
				CLANG_ENABLE_OBJC_ARC = YES;
				CLANG_ENABLE_OBJC_WEAK = YES;
				CLANG_WARN_BLOCK_CAPTURE_AUTORELEASING = YES;
				CLANG_WARN_BOOL_CONVERSION = YES;
				CLANG_WARN_COMMA = YES;
				CLANG_WARN_CONSTANT_CONVERSION = YES;
				CLANG_WARN_DEPRECATED_OBJC_IMPLEMENTATIONS = YES;
				CLANG_WARN_DIRECT_OBJC_ISA_USAGE = YES_ERROR;
				CLANG_WARN_DOCUMENTATION_COMMENTS = YES;
				CLANG_WARN_EMPTY_BODY = YES;
				CLANG_WARN_ENUM_CONVERSION = YES;
				CLANG_WARN_INFINITE_RECURSION = YES;
				CLANG_WARN_INT_CONVERSION = YES;
				CLANG_WARN_NON_LITERAL_NULL_CONVERSION = YES;
				CLANG_WARN_OBJC_IMPLICIT_RETAIN_SELF = YES;
				CLANG_WARN_OBJC_LITERAL_CONVERSION = YES;
				CLANG_WARN_OBJC_ROOT_CLASS = YES_ERROR;
				CLANG_WARN_RANGE_LOOP_ANALYSIS = YES;
				CLANG_WARN_STRICT_PROTOTYPES = YES;
				CLANG_WARN_SUSPICIOUS_MOVE = YES;
				CLANG_WARN_UNGUARDED_AVAILABILITY = YES_AGGRESSIVE;
				CLANG_WARN_UNREACHABLE_CODE = YES;
				CLANG_WARN__DUPLICATE_METHOD_MATCH = YES;
				COPY_PHASE_STRIP = NO;
				DEBUG_INFORMATION_FORMAT = dwarf;
				ENABLE_STRICT_OBJC_MSGSEND = YES;
				ENABLE_TESTABILITY = YES;
				GCC_C_LANGUAGE_STANDARD = gnu11;
				GCC_DYNAMIC_NO_PIC = NO;
				GCC_NO_COMMON_BLOCKS = YES;
				GCC_OPTIMIZATION_LEVEL = 0;
				GCC_PREPROCESSOR_DEFINITIONS = (
					"DEBUG=1",
					"$(inherited)",
				);
				GCC_WARN_64_TO_32_BIT_CONVERSION = YES;
				GCC_WARN_ABOUT_RETURN_TYPE = YES_ERROR;
				GCC_WARN_UNDECLARED_SELECTOR = YES;
				GCC_WARN_UNINITIALIZED_AUTOS = YES_AGGRESSIVE;
				GCC_WARN_UNUSED_FUNCTION = YES;
				GCC_WARN_UNUSED_VARIABLE = YES;
				IPHONEOS_DEPLOYMENT_TARGET = 13.0;
				MTL_ENABLE_DEBUG_INFO = INCLUDE_SOURCE;
				MTL_FAST_MATH = YES;
				ONLY_ACTIVE_ARCH = YES;
				SDKROOT = iphoneos;
				SWIFT_ACTIVE_COMPILATION_CONDITIONS = DEBUG;
				SWIFT_OPTIMIZATION_LEVEL = "-Onone";
			};
			name = Debug;
		};
		81B23C6D23C8D76600F08EF7 /* Release */ = {
			isa = XCBuildConfiguration;
			buildSettings = {
				ALWAYS_SEARCH_USER_PATHS = NO;
				CLANG_ANALYZER_NONNULL = YES;
				CLANG_ANALYZER_NUMBER_OBJECT_CONVERSION = YES_AGGRESSIVE;
				CLANG_CXX_LANGUAGE_STANDARD = "gnu++14";
				CLANG_CXX_LIBRARY = "libc++";
				CLANG_ENABLE_MODULES = YES;
				CLANG_ENABLE_OBJC_ARC = YES;
				CLANG_ENABLE_OBJC_WEAK = YES;
				CLANG_WARN_BLOCK_CAPTURE_AUTORELEASING = YES;
				CLANG_WARN_BOOL_CONVERSION = YES;
				CLANG_WARN_COMMA = YES;
				CLANG_WARN_CONSTANT_CONVERSION = YES;
				CLANG_WARN_DEPRECATED_OBJC_IMPLEMENTATIONS = YES;
				CLANG_WARN_DIRECT_OBJC_ISA_USAGE = YES_ERROR;
				CLANG_WARN_DOCUMENTATION_COMMENTS = YES;
				CLANG_WARN_EMPTY_BODY = YES;
				CLANG_WARN_ENUM_CONVERSION = YES;
				CLANG_WARN_INFINITE_RECURSION = YES;
				CLANG_WARN_INT_CONVERSION = YES;
				CLANG_WARN_NON_LITERAL_NULL_CONVERSION = YES;
				CLANG_WARN_OBJC_IMPLICIT_RETAIN_SELF = YES;
				CLANG_WARN_OBJC_LITERAL_CONVERSION = YES;
				CLANG_WARN_OBJC_ROOT_CLASS = YES_ERROR;
				CLANG_WARN_RANGE_LOOP_ANALYSIS = YES;
				CLANG_WARN_STRICT_PROTOTYPES = YES;
				CLANG_WARN_SUSPICIOUS_MOVE = YES;
				CLANG_WARN_UNGUARDED_AVAILABILITY = YES_AGGRESSIVE;
				CLANG_WARN_UNREACHABLE_CODE = YES;
				CLANG_WARN__DUPLICATE_METHOD_MATCH = YES;
				COPY_PHASE_STRIP = NO;
				DEBUG_INFORMATION_FORMAT = "dwarf-with-dsym";
				ENABLE_NS_ASSERTIONS = NO;
				ENABLE_STRICT_OBJC_MSGSEND = YES;
				GCC_C_LANGUAGE_STANDARD = gnu11;
				GCC_NO_COMMON_BLOCKS = YES;
				GCC_WARN_64_TO_32_BIT_CONVERSION = YES;
				GCC_WARN_ABOUT_RETURN_TYPE = YES_ERROR;
				GCC_WARN_UNDECLARED_SELECTOR = YES;
				GCC_WARN_UNINITIALIZED_AUTOS = YES_AGGRESSIVE;
				GCC_WARN_UNUSED_FUNCTION = YES;
				GCC_WARN_UNUSED_VARIABLE = YES;
				IPHONEOS_DEPLOYMENT_TARGET = 13.0;
				MTL_ENABLE_DEBUG_INFO = NO;
				MTL_FAST_MATH = YES;
				SDKROOT = iphoneos;
				SWIFT_COMPILATION_MODE = wholemodule;
				SWIFT_OPTIMIZATION_LEVEL = "-O";
				VALIDATE_PRODUCT = YES;
			};
			name = Release;
		};
		81B23C6F23C8D76600F08EF7 /* Debug */ = {
			isa = XCBuildConfiguration;
			buildSettings = {
				ASSETCATALOG_COMPILER_APPICON_NAME = AppIcon;
				CODE_SIGN_STYLE = Automatic;
				DEVELOPMENT_TEAM = 43793QF9P9;
				INFOPLIST_FILE = Game/Info.plist;
				LD_RUNPATH_SEARCH_PATHS = (
					"$(inherited)",
					"@executable_path/Frameworks",
				);
				PRODUCT_BUNDLE_IDENTIFIER = example.Game;
				PRODUCT_NAME = "$(TARGET_NAME)";
				SWIFT_ACTIVE_COMPILATION_CONDITIONS = DEBUG;
				SWIFT_VERSION = 5.0;
				TARGETED_DEVICE_FAMILY = "1,2";
			};
			name = Debug;
		};
		81B23C7023C8D76600F08EF7 /* Release */ = {
			isa = XCBuildConfiguration;
			buildSettings = {
				ASSETCATALOG_COMPILER_APPICON_NAME = AppIcon;
				CODE_SIGN_STYLE = Automatic;
				DEVELOPMENT_TEAM = 43793QF9P9;
				INFOPLIST_FILE = Game/Info.plist;
				LD_RUNPATH_SEARCH_PATHS = (
					"$(inherited)",
					"@executable_path/Frameworks",
				);
				PRODUCT_BUNDLE_IDENTIFIER = example.Game;
				PRODUCT_NAME = "$(TARGET_NAME)";
				SWIFT_VERSION = 5.0;
				TARGETED_DEVICE_FAMILY = "1,2";
			};
			name = Release;
		};
/* End XCBuildConfiguration section */

/* Begin XCConfigurationList section */
		81B23C5523C8D76200F08EF7 /* Build configuration list for PBXProject "Game" */ = {
			isa = XCConfigurationList;
			buildConfigurations = (
				81B23C6C23C8D76600F08EF7 /* Debug */,
				81B23C6D23C8D76600F08EF7 /* Release */,
			);
			defaultConfigurationIsVisible = 0;
			defaultConfigurationName = Release;
		};
		81B23C6E23C8D76600F08EF7 /* Build configuration list for PBXNativeTarget "Game" */ = {
			isa = XCConfigurationList;
			buildConfigurations = (
				81B23C6F23C8D76600F08EF7 /* Debug */,
				81B23C7023C8D76600F08EF7 /* Release */,
			);
			defaultConfigurationIsVisible = 0;
			defaultConfigurationName = Release;
		};
/* End XCConfigurationList section */

/* Begin XCSwiftPackageProductDependency section */
		81DBCC2A2412BF2700209095 /* JAGER */ = {
			isa = XCSwiftPackageProductDependency;
			productName = JAGER;
		};
/* End XCSwiftPackageProductDependency section */
	};
	rootObject = 81B23C5223C8D76200F08EF7 /* Project object */;
}
